{
  "name": "mp3-tag-editor",
  "version": "1.0.0",
  "lockfileVersion": 1,
  "requires": true,
  "dependencies": {
    "mp3tag.js": {
      "version": "1.1.0",
      "resolved": "https://registry.npmjs.org/mp3tag.js/-/mp3tag.js-1.1.0.tgz",
      "integrity": "sha512-eg54DiflalEaNSi57srzRHeqGAKpFuaPXNnzLTp/GBI5KrpyjTdCVI9TgWE8QwKLsBNXstCMAi9CIUpQ4tvmcg=="
    }
  }
}
